version: 1.0
shards:
  cassandra:
    github: kaukas/crystal-cassandra
    commit: c6ce30096e90ffe18fd6874cf4488c1186f45aef

  db:
    github: crystal-lang/crystal-db
    version: 0.7.0

  exception_page:
    github: crystal-loot/exception_page
    version: 0.1.2

  kemal:
    github: kemalcr/kemal
    version: 0.26.1

  kilt:
    github: jeromegn/kilt
    version: 0.4.0

  radix:
    github: luislavena/radix
    version: 0.3.9

